Microsoft Visual Studio Solution File, Format Version 7.00
Project("{FAE04EC0-301F-11D3-BF4B-00C04F79EFBC}") = "HtmlAgilityPack", "HtmlAgilityPack.csproj", "{7C4A48D0-DC9D-4F97-AE64-63F7EDCA4528}"
EndProject
Project("{FAE04EC0-301F-11D3-BF4B-00C04F79EFBC}") = "Html2Xml", "Samples\Html2Xml\Html2Xml.csproj", "{C5D89264-F603-4A84-B938-7761FA0DB1BB}"
EndProject
Project("{FAE04EC0-301F-11D3-BF4B-00C04F79EFBC}") = "Html2Txt", "Samples\Html2Txt\Html2Txt.csproj", "{B5022D3B-1CED-4754-A6BD-EDB724375B40}"
EndProject
Project("{FAE04EC0-301F-11D3-BF4B-00C04F79EFBC}") = "GetDocLinks", "Samples\GetDocLinks\GetDocLinks.csproj", "{70CED353-8375-4836-A16D-54FC896868A6}"
EndProject
Project("{FAE04EC0-301F-11D3-BF4B-00C04F79EFBC}") = "HtmlToRss", "Samples\HtmlToRss\HtmlToRss.csproj", "{7DE90F74-B07E-4D0D-A686-90FA113C5F6E}"
EndProject
Global
	GlobalSection(SolutionConfiguration) = preSolution
		ConfigName.0 = Debug
		ConfigName.1 = Release
	EndGlobalSection
	GlobalSection(ProjectDependencies) = postSolution
	EndGlobalSection
	GlobalSection(ProjectConfiguration) = postSolution
		{7C4A48D0-DC9D-4F97-AE64-63F7EDCA4528}.Debug.ActiveCfg = Debug|.NET
		{7C4A48D0-DC9D-4F97-AE64-63F7EDCA4528}.Debug.Build.0 = Debug|.NET
		{7C4A48D0-DC9D-4F97-AE64-63F7EDCA4528}.Release.ActiveCfg = Release|.NET
		{7C4A48D0-DC9D-4F97-AE64-63F7EDCA4528}.Release.Build.0 = Release|.NET
		{C5D89264-F603-4A84-B938-7761FA0DB1BB}.Debug.ActiveCfg = Debug|.NET
		{C5D89264-F603-4A84-B938-7761FA0DB1BB}.Debug.Build.0 = Debug|.NET
		{C5D89264-F603-4A84-B938-7761FA0DB1BB}.Release.ActiveCfg = Release|.NET
		{C5D89264-F603-4A84-B938-7761FA0DB1BB}.Release.Build.0 = Release|.NET
		{B5022D3B-1CED-4754-A6BD-EDB724375B40}.Debug.ActiveCfg = Debug|.NET
		{B5022D3B-1CED-4754-A6BD-EDB724375B40}.Debug.Build.0 = Debug|.NET
		{B5022D3B-1CED-4754-A6BD-EDB724375B40}.Release.ActiveCfg = Release|.NET
		{B5022D3B-1CED-4754-A6BD-EDB724375B40}.Release.Build.0 = Release|.NET
		{70CED353-8375-4836-A16D-54FC896868A6}.Debug.ActiveCfg = Debug|.NET
		{70CED353-8375-4836-A16D-54FC896868A6}.Debug.Build.0 = Debug|.NET
		{70CED353-8375-4836-A16D-54FC896868A6}.Release.ActiveCfg = Release|.NET
		{70CED353-8375-4836-A16D-54FC896868A6}.Release.Build.0 = Release|.NET
		{7DE90F74-B07E-4D0D-A686-90FA113C5F6E}.Debug.ActiveCfg = Debug|.NET
		{7DE90F74-B07E-4D0D-A686-90FA113C5F6E}.Debug.Build.0 = Debug|.NET
		{7DE90F74-B07E-4D0D-A686-90FA113C5F6E}.Release.ActiveCfg = Release|.NET
		{7DE90F74-B07E-4D0D-A686-90FA113C5F6E}.Release.Build.0 = Release|.NET
	EndGlobalSection
	GlobalSection(ExtensibilityGlobals) = postSolution
	EndGlobalSection
	GlobalSection(ExtensibilityAddIns) = postSolution
	EndGlobalSection
EndGlobal
